// !$*UTF8*$!
{
	archiveVersion = 1;
	classes = {
	};
	objectVersion = 46;
	objects = {

/* Begin PBXBuildFile section */
		587F43541ED1F35D008D1A62 /* AppDelegate.swift in Sources */ = {isa = PBXBuildFile; fileRef = 587F43531ED1F35D008D1A62 /* AppDelegate.swift */; };
		587F43591ED1F35D008D1A62 /* Main.storyboard in Resources */ = {isa = PBXBuildFile; fileRef = 587F43571ED1F35D008D1A62 /* Main.storyboard */; };
		587F435B1ED1F35D008D1A62 /* Assets.xcassets in Resources */ = {isa = PBXBuildFile; fileRef = 587F435A1ED1F35D008D1A62 /* Assets.xcassets */; };
		587F435E1ED1F35D008D1A62 /* LaunchScreen.storyboard in Resources */ = {isa = PBXBuildFile; fileRef = 587F435C1ED1F35D008D1A62 /* LaunchScreen.storyboard */; };
		587F43661ED1F641008D1A62 /* WeatherTableViewController.swift in Sources */ = {isa = PBXBuildFile; fileRef = 587F43651ED1F641008D1A62 /* WeatherTableViewController.swift */; };
/* End PBXBuildFile section */

/* Begin PBXFileReference section */
		587F43501ED1F35D008D1A62 /* weather-sample.app */ = {isa = PBXFileReference; explicitFileType = wrapper.application; includeInIndex = 0; path = "weather-sample.app"; sourceTree = BUILT_PRODUCTS_DIR; };
		587F43531ED1F35D008D1A62 /* AppDelegate.swift */ = {isa = PBXFileReference; lastKnownFileType = sourcecode.swift; path = AppDelegate.swift; sourceTree = "<group>"; };
		587F43581ED1F35D008D1A62 /* Base */ = {isa = PBXFileReference; lastKnownFileType = file.storyboard; name = Base; path = Base.lproj/Main.storyboard; sourceTree = "<group>"; };
		587F435A1ED1F35D008D1A62 /* Assets.xcassets */ = {isa = PBXFileReference; lastKnownFileType = folder.assetcatalog; path = Assets.xcassets; sourceTree = "<group>"; };
		587F435D1ED1F35D008D1A62 /* Base */ = {isa = PBXFileReference; lastKnownFileType = file.storyboard; name = Base; path = Base.lproj/LaunchScreen.storyboard; sourceTree = "<group>"; };
		587F435F1ED1F35D008D1A62 /* Info.plist */ = {isa = PBXFileReference; lastKnownFileType = text.plist.xml; path = Info.plist; sourceTree = "<group>"; };
		587F43651ED1F641008D1A62 /* WeatherTableViewController.swift */ = {isa = PBXFileReference; fileEncoding = 4; lastKnownFileType = sourcecode.swift; name = WeatherTableViewController.swift; path = ../WeatherTableViewController.swift; sourceTree = "<group>"; };
/* End PBXFileReference section */

/* Begin PBXFrameworksBuildPhase section */
		587F434D1ED1F35D008D1A62 /* Frameworks */ = {
			isa = PBXFrameworksBuildPhase;
			buildActionMask = 2147483647;
			files = (
			);
			runOnlyForDeploymentPostprocessing = 0;
		};
/* End PBXFrameworksBuildPhase section */

/* Begin PBXGroup section */
		587F43471ED1F35D008D1A62 = {
			isa = PBXGroup;
			children = (
				587F43521ED1F35D008D1A62 /* weather-sample */,
				587F43511ED1F35D008D1A62 /* Products */,
			);
			sourceTree = "<group>";
		};
		587F43511ED1F35D008D1A62 /* Products */ = {
			isa = PBXGroup;
			children = (
				587F43501ED1F35D008D1A62 /* weather-sample.app */,
			);
			name = Products;
			sourceTree = "<group>";
		};
		587F43521ED1F35D008D1A62 /* weather-sample */ = {
			isa = PBXGroup;
			children = (
				587F43651ED1F641008D1A62 /* WeatherTableViewController.swift */,
				587F43531ED1F35D008D1A62 /* AppDelegate.swift */,
				587F43571ED1F35D008D1A62 /* Main.storyboard */,
				587F435A1ED1F35D008D1A62 /* Assets.xcassets */,
				587F435C1ED1F35D008D1A62 /* LaunchScreen.storyboard */,
				587F435F1ED1F35D008D1A62 /* Info.plist */,
			);
			path = "weather-sample";
			sourceTree = "<group>";
		};
/* End PBXGroup section */

/* Begin PBXNativeTarget section */
		587F434F1ED1F35D008D1A62 /* weather-sample */ = {
			isa = PBXNativeTarget;
			buildConfigurationList = 587F43621ED1F35D008D1A62 /* Build configuration list for PBXNativeTarget "weather-sample" */;
			buildPhases = (
				587F434C1ED1F35D008D1A62 /* Sources */,
				587F434D1ED1F35D008D1A62 /* Frameworks */,
				587F434E1ED1F35D008D1A62 /* Resources */,
			);
			buildRules = (
			);
			dependencies = (
			);
			name = "weather-sample";
			productName = "weather-sample";
			productReference = 587F43501ED1F35D008D1A62 /* weather-sample.app */;
			productType = "com.apple.product-type.application";
		};
/* End PBXNativeTarget section */

/* Begin PBXProject section */
		587F43481ED1F35D008D1A62 /* Project object */ = {
			isa = PBXProject;
			attributes = {
				LastSwiftUpdateCheck = 0830;
				LastUpgradeCheck = 0830;
				ORGANIZATIONNAME = "Marvin Messenzehl";
				TargetAttributes = {
					587F434F1ED1F35D008D1A62 = {
						CreatedOnToolsVersion = 8.3.2;
						DevelopmentTeam = W8TNV9SRPE;
						ProvisioningStyle = Automatic;
					};
				};
			};
			buildConfigurationList = 587F434B1ED1F35D008D1A62 /* Build configuration list for PBXProject "weather-sample" */;
			compatibilityVersion = "Xcode 3.2";
			developmentRegion = English;
			hasScannedForEncodings = 0;
			knownRegions = (
				en,
				Base,
			);
			mainGroup = 587F43471ED1F35D008D1A62;
			productRefGroup = 587F43511ED1F35D008D1A62 /* Products */;
			projectDirPath = "";
			projectRoot = "";
			targets = (
				587F434F1ED1F35D008D1A62 /* weather-sample */,
			);
		};
/* End PBXProject section */

/* Begin PBXResourcesBuildPhase section */
		587F434E1ED1F35D008D1A62 /* Resources */ = {
			isa = PBXResourcesBuildPhase;
			buildActionMask = 2147483647;
			files = (
				587F435E1ED1F35D008D1A62 /* LaunchScreen.storyboard in Resources */,
				587F435B1ED1F35D008D1A62 /* Assets.xcassets in Resources */,
				587F43591ED1F35D008D1A62 /* Main.storyboard in Resources */,
			);
			runOnlyForDeploymentPostprocessing = 0;
		};
/* End PBXResourcesBuildPhase section */

/* Begin PBXSourcesBuildPhase section */
		587F434C1ED1F35D008D1A62 /* Sources */ = {
			isa = PBXSourcesBuildPhase;
			buildActionMask = 2147483647;
			files = (
				587F43661ED1F641008D1A62 /* WeatherTableViewController.swift in Sources */,
				587F43541ED1F35D008D1A62 /* AppDelegate.swift in Sources */,
			);
			runOnlyForDeploymentPostprocessing = 0;
		};
/* End PBXSourcesBuildPhase section */

/* Begin PBXVariantGroup section */
		587F43571ED1F35D008D1A62 /* Main.storyboard */ = {
			isa = PBXVariantGroup;
			children = (
				587F43581ED1F35D008D1A62 /* Base */,
			);
			name = Main.storyboard;
			sourceTree = "<group>";
		};
		587F435C1ED1F35D008D1A62 /* LaunchScreen.storyboard */ = {
			isa = PBXVariantGroup;
			children = (
				587F435D1ED1F35D008D1A62 /* Base */,
			);
			name = LaunchScreen.storyboard;
			sourceTree = "<group>";
		};
/* End PBXVariantGroup section */

/* Begin XCBuildConfiguration section */
		587F43601ED1F35D008D1A62 /* Debug */ = {
			isa = XCBuildConfiguration;
			buildSettings = {
				ALWAYS_SEARCH_USER_PATHS = NO;
				CLANG_ANALYZER_NONNULL = YES;
				CLANG_ANALYZER_NUMBER_OBJECT_CONVERSION = YES_AGGRESSIVE;
				CLANG_CXX_LANGUAGE_STANDARD = "gnu++0x";
				CLANG_CXX_LIBRARY = "libc++";
				CLANG_ENABLE_MODULES = YES;
				CLANG_ENABLE_OBJC_ARC = YES;
				CLANG_WARN_BOOL_CONVERSION = YES;
				CLANG_WARN_CONSTANT_CONVERSION = YES;
				CLANG_WARN_DIRECT_OBJC_ISA_USAGE = YES_ERROR;
				CLANG_WARN_DOCUMENTATION_COMMENTS = YES;
				CLANG_WARN_EMPTY_BODY = YES;
				CLANG_WARN_ENUM_CONVERSION = YES;
				CLANG_WARN_INFINITE_RECURSION = YES;
				CLANG_WARN_INT_CONVERSION = YES;
				CLANG_WARN_OBJC_ROOT_CLASS = YES_ERROR;
				CLANG_WARN_SUSPICIOUS_MOVE = YES;
				CLANG_WARN_UNREACHABLE_CODE = YES;
				CLANG_WARN__DUPLICATE_METHOD_MATCH = YES;
				"CODE_SIGN_IDENTITY[sdk=iphoneos*]" = "iPhone Developer";
				COPY_PHASE_STRIP = NO;
				DEBUG_INFORMATION_FORMAT = dwarf;
				ENABLE_STRICT_OBJC_MSGSEND = YES;
				ENABLE_TESTABILITY = YES;
				GCC_C_LANGUAGE_STANDARD = gnu99;
				GCC_DYNAMIC_NO_PIC = NO;
				GCC_NO_COMMON_BLOCKS = YES;
				GCC_OPTIMIZATION_LEVEL = 0;
				GCC_PREPROCESSOR_DEFINITIONS = (
					"DEBUG=1",
					"$(inherited)",
				);
				GCC_WARN_64_TO_32_BIT_CONVERSION = YES;
				GCC_WARN_ABOUT_RETURN_TYPE = YES_ERROR;
				GCC_WARN_UNDECLARED_SELECTOR = YES;
				GCC_WARN_UNINITIALIZED_AUTOS = YES_AGGRESSIVE;
				GCC_WARN_UNUSED_FUNCTION = YES;
				GCC_WARN_UNUSED_VARIABLE = YES;
				IPHONEOS_DEPLOYMENT_TARGET = 10.3;
				MTL_ENABLE_DEBUG_INFO = YES;
				ONLY_ACTIVE_ARCH = YES;
				SDKROOT = iphoneos;
				SWIFT_ACTIVE_COMPILATION_CONDITIONS = DEBUG;
				SWIFT_OPTIMIZATION_LEVEL = "-Onone";
				TARGETED_DEVICE_FAMILY = "1,2";
			};
			name = Debug;
		};
		587F43611ED1F35D008D1A62 /* Release */ = {
			isa = XCBuildConfiguration;
			buildSettings = {
				ALWAYS_SEARCH_USER_PATHS = NO;
				CLANG_ANALYZER_NONNULL = YES;
				CLANG_ANALYZER_NUMBER_OBJECT_CONVERSION = YES_AGGRESSIVE;
				CLANG_CXX_LANGUAGE_STANDARD = "gnu++0x";
				CLANG_CXX_LIBRARY = "libc++";
				CLANG_ENABLE_MODULES = YES;
				CLANG_ENABLE_OBJC_ARC = YES;
				CLANG_WARN_BOOL_CONVERSION = YES;
				CLANG_WARN_CONSTANT_CONVERSION = YES;
				CLANG_WARN_DIRECT_OBJC_ISA_USAGE = YES_ERROR;
				CLANG_WARN_DOCUMENTATION_COMMENTS = YES;
				CLANG_WARN_EMPTY_BODY = YES;
				CLANG_WARN_ENUM_CONVERSION = YES;
				CLANG_WARN_INFINITE_RECURSION = YES;
				CLANG_WARN_INT_CONVERSION = YES;
				CLANG_WARN_OBJC_ROOT_CLASS = YES_ERROR;
				CLANG_WARN_SUSPICIOUS_MOVE = YES;
				CLANG_WARN_UNREACHABLE_CODE = YES;
				CLANG_WARN__DUPLICATE_METHOD_MATCH = YES;
				"CODE_SIGN_IDENTITY[sdk=iphoneos*]" = "iPhone Developer";
				COPY_PHASE_STRIP = NO;
				DEBUG_INFORMATION_FORMAT = "dwarf-with-dsym";
				ENABLE_NS_ASSERTIONS = NO;
				ENABLE_STRICT_OBJC_MSGSEND = YES;
				GCC_C_LANGUAGE_STANDARD = gnu99;
				GCC_NO_COMMON_BLOCKS = YES;
				GCC_WARN_64_TO_32_BIT_CONVERSION = YES;
				GCC_WARN_ABOUT_RETURN_TYPE = YES_ERROR;
				GCC_WARN_UNDECLARED_SELECTOR = YES;
				GCC_WARN_UNINITIALIZED_AUTOS = YES_AGGRESSIVE;
				GCC_WARN_UNUSED_FUNCTION = YES;
				GCC_WARN_UNUSED_VARIABLE = YES;
				IPHONEOS_DEPLOYMENT_TARGET = 10.3;
				MTL_ENABLE_DEBUG_INFO = NO;
				SDKROOT = iphoneos;
				SWIFT_OPTIMIZATION_LEVEL = "-Owholemodule";
				TARGETED_DEVICE_FAMILY = "1,2";
				VALIDATE_PRODUCT = YES;
			};
			name = Release;
		};
		587F43631ED1F35D008D1A62 /* Debug */ = {
			isa = XCBuildConfiguration;
			buildSettings = {
				ASSETCATALOG_COMPILER_APPICON_NAME = AppIcon;
				DEVELOPMENT_TEAM = W8TNV9SRPE;
				INFOPLIST_FILE = "weather-sample/Info.plist";
				LD_RUNPATH_SEARCH_PATHS = "$(inherited) @executable_path/Frameworks";
				PRODUCT_BUNDLE_IDENTIFIER = "com.marvinmessenzehl.weather-sample";
				PRODUCT_NAME = "$(TARGET_NAME)";
				SWIFT_VERSION = 3.0;
			};
			name = Debug;
		};
		587F43641ED1F35D008D1A62 /* Release */ = {
			isa = XCBuildConfiguration;
			buildSettings = {
				ASSETCATALOG_COMPILER_APPICON_NAME = AppIcon;
				DEVELOPMENT_TEAM = W8TNV9SRPE;
				INFOPLIST_FILE = "weather-sample/Info.plist";
				LD_RUNPATH_SEARCH_PATHS = "$(inherited) @executable_path/Frameworks";
				PRODUCT_BUNDLE_IDENTIFIER = "com.marvinmessenzehl.weather-sample";
				PRODUCT_NAME = "$(TARGET_NAME)";
				SWIFT_VERSION = 3.0;
			};
			name = Release;
		};
/* End XCBuildConfiguration section */

/* Begin XCConfigurationList section */
		587F434B1ED1F35D008D1A62 /* Build configuration list for PBXProject "weather-sample" */ = {
			isa = XCConfigurationList;
			buildConfigurations = (
				587F43601ED1F35D008D1A62 /* Debug */,
				587F43611ED1F35D008D1A62 /* Release */,
			);
			defaultConfigurationIsVisible = 0;
			defaultConfigurationName = Release;
		};
		587F43621ED1F35D008D1A62 /* Build configuration list for PBXNativeTarget "weather-sample" */ = {
			isa = XCConfigurationList;
			buildConfigurations = (
				587F43631ED1F35D008D1A62 /* Debug */,
				587F43641ED1F35D008D1A62 /* Release */,
			);
			defaultConfigurationIsVisible = 0;
			defaultConfigurationName = Release;
		};
/* End XCConfigurationList section */
	};
	rootObject = 587F43481ED1F35D008D1A62 /* Project object */;
}
